
Microsoft Visual Studio Solution File, Format Version 12.00
# Visual Studio Version 17
VisualStudioVersion = 17.1.32328.378
MinimumVisualStudioVersion = 10.0.40219.1
Project("{9A19103F-16F7-4668-BE54-9A1E7A4F7556}") = "EBSApi", "EBSApi\EBSApi.csproj", "{469289E9-4B7E-4F29-B81F-D31EE534C221}"
EndProject
Project("{9A19103F-16F7-4668-BE54-9A1E7A4F7556}") = "EBSApp", "EBSApp\EBSApp.csproj", "{777E3679-2794-4A92-9942-4DC81D846605}"
EndProject
Project("{9A19103F-16F7-4668-BE54-9A1E7A4F7556}") = "EBSAuthenticationHandler", "EBSAuthenticationHandler\EBSAuthenticationHandler.csproj", "{6D0535A6-7BC3-4481-B4BE-DCA32CA65047}"
EndProject
Project("{9A19103F-16F7-4668-BE54-9A1E7A4F7556}") = "EBSAuthApi", "EBSAuthApi\EBSAuthApi.csproj", "{302E28AD-8AE1-4E0F-86FA-0D31ECAC8092}"
EndProject
Project("{2150E333-8FDC-42A3-9474-1A3956D46DE8}") = "Solution Items", "Solution Items", "{E93FC24B-F9BA-426C-8B4B-C0677ACF310E}"
	ProjectSection(SolutionItems) = preProject
		.editorconfig = .editorconfig
	EndProjectSection
EndProject
Global
	GlobalSection(SolutionConfigurationPlatforms) = preSolution
		Debug|Any CPU = Debug|Any CPU
		Release|Any CPU = Release|Any CPU
	EndGlobalSection
	GlobalSection(ProjectConfigurationPlatforms) = postSolution
		{469289E9-4B7E-4F29-B81F-D31EE534C221}.Debug|Any CPU.ActiveCfg = Debug|Any CPU
		{469289E9-4B7E-4F29-B81F-D31EE534C221}.Debug|Any CPU.Build.0 = Debug|Any CPU
		{469289E9-4B7E-4F29-B81F-D31EE534C221}.Release|Any CPU.ActiveCfg = Release|Any CPU
		{469289E9-4B7E-4F29-B81F-D31EE534C221}.Release|Any CPU.Build.0 = Release|Any CPU
		{777E3679-2794-4A92-9942-4DC81D846605}.Debug|Any CPU.ActiveCfg = Debug|Any CPU
		{777E3679-2794-4A92-9942-4DC81D846605}.Debug|Any CPU.Build.0 = Debug|Any CPU
		{777E3679-2794-4A92-9942-4DC81D846605}.Release|Any CPU.ActiveCfg = Release|Any CPU
		{777E3679-2794-4A92-9942-4DC81D846605}.Release|Any CPU.Build.0 = Release|Any CPU
		{6D0535A6-7BC3-4481-B4BE-DCA32CA65047}.Debug|Any CPU.ActiveCfg = Debug|Any CPU
		{6D0535A6-7BC3-4481-B4BE-DCA32CA65047}.Debug|Any CPU.Build.0 = Debug|Any CPU
		{6D0535A6-7BC3-4481-B4BE-DCA32CA65047}.Release|Any CPU.ActiveCfg = Release|Any CPU
		{6D0535A6-7BC3-4481-B4BE-DCA32CA65047}.Release|Any CPU.Build.0 = Release|Any CPU
		{302E28AD-8AE1-4E0F-86FA-0D31ECAC8092}.Debug|Any CPU.ActiveCfg = Debug|Any CPU
		{302E28AD-8AE1-4E0F-86FA-0D31ECAC8092}.Debug|Any CPU.Build.0 = Debug|Any CPU
		{302E28AD-8AE1-4E0F-86FA-0D31ECAC8092}.Release|Any CPU.ActiveCfg = Release|Any CPU
		{302E28AD-8AE1-4E0F-86FA-0D31ECAC8092}.Release|Any CPU.Build.0 = Release|Any CPU
	EndGlobalSection
	GlobalSection(SolutionProperties) = preSolution
		HideSolutionNode = FALSE
	EndGlobalSection
	GlobalSection(ExtensibilityGlobals) = postSolution
		SolutionGuid = {64E01359-8A47-4878-8EEF-6E6465C8F4FA}
	EndGlobalSection
EndGlobal
