
Microsoft Visual Studio Solution File, Format Version 12.00
# Visual Studio Version 16
VisualStudioVersion = 25.0.1703.3
MinimumVisualStudioVersion = 10.0.40219.1
Project("{FAE04EC0-301F-11D3-BF4B-00C04F79EFBC}") = "EBSApi", "EBSApi\EBSApi.csproj", "{469289E9-4B7E-4F29-B81F-D31EE534C221}"
EndProject
Project("{FAE04EC0-301F-11D3-BF4B-00C04F79EFBC}") = "EBSApp", "EBSApp\EBSApp.csproj", "{777E3679-2794-4A92-9942-4DC81D846605}"
EndProject
Global
	GlobalSection(SolutionConfigurationPlatforms) = preSolution
		Debug|Any CPU = Debug|Any CPU
		Release|Any CPU = Release|Any CPU
	EndGlobalSection
	GlobalSection(ProjectConfigurationPlatforms) = postSolution
		{469289E9-4B7E-4F29-B81F-D31EE534C221}.Debug|Any CPU.ActiveCfg = Debug|Any CPU
		{469289E9-4B7E-4F29-B81F-D31EE534C221}.Debug|Any CPU.Build.0 = Debug|Any CPU
		{469289E9-4B7E-4F29-B81F-D31EE534C221}.Release|Any CPU.ActiveCfg = Release|Any CPU
		{469289E9-4B7E-4F29-B81F-D31EE534C221}.Release|Any CPU.Build.0 = Release|Any CPU
		{777E3679-2794-4A92-9942-4DC81D846605}.Debug|Any CPU.ActiveCfg = Debug|Any CPU
		{777E3679-2794-4A92-9942-4DC81D846605}.Debug|Any CPU.Build.0 = Debug|Any CPU
		{777E3679-2794-4A92-9942-4DC81D846605}.Release|Any CPU.ActiveCfg = Release|Any CPU
		{777E3679-2794-4A92-9942-4DC81D846605}.Release|Any CPU.Build.0 = Release|Any CPU
	EndGlobalSection
	GlobalSection(SolutionProperties) = preSolution
		HideSolutionNode = FALSE
	EndGlobalSection
	GlobalSection(ExtensibilityGlobals) = postSolution
		SolutionGuid = {64E01359-8A47-4878-8EEF-6E6465C8F4FA}
	EndGlobalSection
EndGlobal
